<Solution>
  <Project Path="Practical_3/Practical_3.csproj" Id="ca33cc8a-da0f-47c5-af50-755fadc99a6d" />
  <Project Path="Practical_4/Practical_4.csproj" Id="c9482f78-a763-442d-9958-63864d032ab1" />
  <Project Path="Practical_5_LeaveApplication/Practical_5_LeaveApplication.csproj" Id="66c84409-8a04-4400-abad-b93ced7e61c8" />
</Solution>
